Microsoft Visual Studio Solution File, Format Version 12.00
# Visual Studio 2013
Project("{FAE04EC0-301F-11D3-BF4B-00C04F79EFBC}") = "Q566260", "Q566260\Q566260.csproj", "{D0102731-D24C-47D1-8419-75B8ED626207}"
EndProject
Global
	GlobalSection(SolutionConfigurationPlatforms) = preSolution
		Debug|Any CPU = Debug|Any CPU
		Release|Any CPU = Release|Any CPU
	EndGlobalSection
	GlobalSection(ProjectConfigurationPlatforms) = postSolution
		{D0102731-D24C-47D1-8419-75B8ED626207}.Debug|Any CPU.ActiveCfg = Debug|Any CPU
		{D0102731-D24C-47D1-8419-75B8ED626207}.Debug|Any CPU.Build.0 = Debug|Any CPU
		{D0102731-D24C-47D1-8419-75B8ED626207}.Release|Any CPU.ActiveCfg = Release|Any CPU
		{D0102731-D24C-47D1-8419-75B8ED626207}.Release|Any CPU.Build.0 = Release|Any CPU
	EndGlobalSection
	GlobalSection(SolutionProperties) = preSolution
		HideSolutionNode = FALSE
	EndGlobalSection
EndGlobal
